
Microsoft Visual Studio Solution File, Format Version 12.00
# Visual Studio 15
VisualStudioVersion = 15.0.27428.2011
MinimumVisualStudioVersion = 10.0.40219.1
Project("{FAE04EC0-301F-11D3-BF4B-00C04F79EFBC}") = "Kinematics_Solver", "Kinematics_Solver\Kinematics_Solver.csproj", "{50DBBA18-6A7C-4442-B60C-7554F06824C3}"
EndProject
Global
	GlobalSection(SolutionConfigurationPlatforms) = preSolution
		Debug|Any CPU = Debug|Any CPU
		Release|Any CPU = Release|Any CPU
	EndGlobalSection
	GlobalSection(ProjectConfigurationPlatforms) = postSolution
		{50DBBA18-6A7C-4442-B60C-7554F06824C3}.Debug|Any CPU.ActiveCfg = Debug|Any CPU
		{50DBBA18-6A7C-4442-B60C-7554F06824C3}.Debug|Any CPU.Build.0 = Debug|Any CPU
		{50DBBA18-6A7C-4442-B60C-7554F06824C3}.Release|Any CPU.ActiveCfg = Release|Any CPU
		{50DBBA18-6A7C-4442-B60C-7554F06824C3}.Release|Any CPU.Build.0 = Release|Any CPU
	EndGlobalSection
	GlobalSection(SolutionProperties) = preSolution
		HideSolutionNode = FALSE
	EndGlobalSection
	GlobalSection(ExtensibilityGlobals) = postSolution
		SolutionGuid = {952091B7-5B55-4AC3-BD1C-17115AAF5820}
	EndGlobalSection
EndGlobal
